
Microsoft Visual Studio Solution File, Format Version 12.00
# Visual Studio Version 16
VisualStudioVersion = 16.0.29911.84
MinimumVisualStudioVersion = 10.0.40219.1
Project("{FAE04EC0-301F-11D3-BF4B-00C04F79EFBC}") = "SalesWebMvc", "SalesWebMvc\SalesWebMvc.csproj", "{3EB5E315-D966-44B3-8DDF-788B10CA4550}"
EndProject
Global
	GlobalSection(SolutionConfigurationPlatforms) = preSolution
		Debug|Any CPU = Debug|Any CPU
		Release|Any CPU = Release|Any CPU
	EndGlobalSection
	GlobalSection(ProjectConfigurationPlatforms) = postSolution
		{3EB5E315-D966-44B3-8DDF-788B10CA4550}.Debug|Any CPU.ActiveCfg = Debug|Any CPU
		{3EB5E315-D966-44B3-8DDF-788B10CA4550}.Debug|Any CPU.Build.0 = Debug|Any CPU
		{3EB5E315-D966-44B3-8DDF-788B10CA4550}.Release|Any CPU.ActiveCfg = Release|Any CPU
		{3EB5E315-D966-44B3-8DDF-788B10CA4550}.Release|Any CPU.Build.0 = Release|Any CPU
	EndGlobalSection
	GlobalSection(SolutionProperties) = preSolution
		HideSolutionNode = FALSE
	EndGlobalSection
	GlobalSection(ExtensibilityGlobals) = postSolution
		SolutionGuid = {4C9FD809-CB1C-410B-9F8B-9C7A37C8AEA0}
	EndGlobalSection
EndGlobal
